// !$*UTF8*$!
{
	archiveVersion = 1;
	classes = {
	};
	objectVersion = 46;
	objects = {

/* Begin PBXBuildFile section */
		1727E2C41CE20B72003D1FB2 /* CoreLocation.framework in Frameworks */ = {isa = PBXBuildFile; fileRef = 1727E2C31CE20B72003D1FB2 /* CoreLocation.framework */; };
		1727E2D71CE39CB0003D1FB2 /* semicloud.jpg in Resources */ = {isa = PBXBuildFile; fileRef = 1727E2D61CE39CB0003D1FB2 /* semicloud.jpg */; };
		1727E2D91CE3A53F003D1FB2 /* soleil.jpg in Resources */ = {isa = PBXBuildFile; fileRef = 1727E2D81CE3A53F003D1FB2 /* soleil.jpg */; };
		1727E2DC1CE3A637003D1FB2 /* grosnuage.jpg in Resources */ = {isa = PBXBuildFile; fileRef = 1727E2DA1CE3A637003D1FB2 /* grosnuage.jpg */; };
		1727E2E01CE3A698003D1FB2 /* pluie.jpg in Resources */ = {isa = PBXBuildFile; fileRef = 1727E2DE1CE3A698003D1FB2 /* pluie.jpg */; };
		1727E2E11CE3A698003D1FB2 /* pluiefine.jpg in Resources */ = {isa = PBXBuildFile; fileRef = 1727E2DF1CE3A698003D1FB2 /* pluiefine.jpg */; };
		1727E2E31CE3A6FB003D1FB2 /* storm.jpg in Resources */ = {isa = PBXBuildFile; fileRef = 1727E2E21CE3A6FB003D1FB2 /* storm.jpg */; };
		1727E2E61CE3A771003D1FB2 /* mist.jpg in Resources */ = {isa = PBXBuildFile; fileRef = 1727E2E41CE3A771003D1FB2 /* mist.jpg */; };
		1727E2E71CE3A771003D1FB2 /* snow.jpg in Resources */ = {isa = PBXBuildFile; fileRef = 1727E2E51CE3A771003D1FB2 /* snow.jpg */; };
		1727E2E91CE45FF8003D1FB2 /* parisbg.jpg in Resources */ = {isa = PBXBuildFile; fileRef = 1727E2E81CE45FF8003D1FB2 /* parisbg.jpg */; };
		1727E2EB1CE460C8003D1FB2 /* nuages.jpg in Resources */ = {isa = PBXBuildFile; fileRef = 1727E2EA1CE460C8003D1FB2 /* nuages.jpg */; };
		1798C37D1CE098F200601728 /* AppDelegate.swift in Sources */ = {isa = PBXBuildFile; fileRef = 1798C37C1CE098F200601728 /* AppDelegate.swift */; };
		1798C37F1CE098F200601728 /* ViewController.swift in Sources */ = {isa = PBXBuildFile; fileRef = 1798C37E1CE098F200601728 /* ViewController.swift */; };
		1798C3821CE098F200601728 /* Main.storyboard in Resources */ = {isa = PBXBuildFile; fileRef = 1798C3801CE098F200601728 /* Main.storyboard */; };
		1798C3841CE098F200601728 /* Assets.xcassets in Resources */ = {isa = PBXBuildFile; fileRef = 1798C3831CE098F200601728 /* Assets.xcassets */; };
		1798C3871CE098F200601728 /* LaunchScreen.storyboard in Resources */ = {isa = PBXBuildFile; fileRef = 1798C3851CE098F200601728 /* LaunchScreen.storyboard */; };
		1798C3921CE098F200601728 /* MyWeatherAppTests.swift in Sources */ = {isa = PBXBuildFile; fileRef = 1798C3911CE098F200601728 /* MyWeatherAppTests.swift */; };
		1798C39D1CE098F200601728 /* MyWeatherAppUITests.swift in Sources */ = {isa = PBXBuildFile; fileRef = 1798C39C1CE098F200601728 /* MyWeatherAppUITests.swift */; };
		1798C3AB1CE09A4600601728 /* WeatherGetter.swift in Sources */ = {isa = PBXBuildFile; fileRef = 1798C3AA1CE09A4600601728 /* WeatherGetter.swift */; };
		1798C3AD1CE0FB2E00601728 /* Weather.swift in Sources */ = {isa = PBXBuildFile; fileRef = 1798C3AC1CE0FB2E00601728 /* Weather.swift */; };
/* End PBXBuildFile section */

/* Begin PBXContainerItemProxy section */
		1798C38E1CE098F200601728 /* PBXContainerItemProxy */ = {
			isa = PBXContainerItemProxy;
			containerPortal = 1798C3711CE098F200601728 /* Project object */;
			proxyType = 1;
			remoteGlobalIDString = 1798C3781CE098F200601728;
			remoteInfo = MyWeatherApp;
		};
		1798C3991CE098F200601728 /* PBXContainerItemProxy */ = {
			isa = PBXContainerItemProxy;
			containerPortal = 1798C3711CE098F200601728 /* Project object */;
			proxyType = 1;
			remoteGlobalIDString = 1798C3781CE098F200601728;
			remoteInfo = MyWeatherApp;
		};
/* End PBXContainerItemProxy section */

/* Begin PBXFileReference section */
		1727E2C31CE20B72003D1FB2 /* CoreLocation.framework */ = {isa = PBXFileReference; lastKnownFileType = wrapper.framework; name = CoreLocation.framework; path = System/Library/Frameworks/CoreLocation.framework; sourceTree = SDKROOT; };
		1727E2D61CE39CB0003D1FB2 /* semicloud.jpg */ = {isa = PBXFileReference; lastKnownFileType = image.jpeg; path = semicloud.jpg; sourceTree = "<group>"; };
		1727E2D81CE3A53F003D1FB2 /* soleil.jpg */ = {isa = PBXFileReference; lastKnownFileType = image.jpeg; name = soleil.jpg; path = ../soleil.jpg; sourceTree = "<group>"; };
		1727E2DA1CE3A637003D1FB2 /* grosnuage.jpg */ = {isa = PBXFileReference; lastKnownFileType = image.jpeg; path = grosnuage.jpg; sourceTree = "<group>"; };
		1727E2DE1CE3A698003D1FB2 /* pluie.jpg */ = {isa = PBXFileReference; lastKnownFileType = image.jpeg; path = pluie.jpg; sourceTree = "<group>"; };
		1727E2DF1CE3A698003D1FB2 /* pluiefine.jpg */ = {isa = PBXFileReference; lastKnownFileType = image.jpeg; path = pluiefine.jpg; sourceTree = "<group>"; };
		1727E2E21CE3A6FB003D1FB2 /* storm.jpg */ = {isa = PBXFileReference; lastKnownFileType = image.jpeg; path = storm.jpg; sourceTree = "<group>"; };
		1727E2E41CE3A771003D1FB2 /* mist.jpg */ = {isa = PBXFileReference; lastKnownFileType = image.jpeg; path = mist.jpg; sourceTree = "<group>"; };
		1727E2E51CE3A771003D1FB2 /* snow.jpg */ = {isa = PBXFileReference; lastKnownFileType = image.jpeg; path = snow.jpg; sourceTree = "<group>"; };
		1727E2E81CE45FF8003D1FB2 /* parisbg.jpg */ = {isa = PBXFileReference; lastKnownFileType = image.jpeg; name = parisbg.jpg; path = ../parisbg.jpg; sourceTree = "<group>"; };
		1727E2EA1CE460C8003D1FB2 /* nuages.jpg */ = {isa = PBXFileReference; lastKnownFileType = image.jpeg; name = nuages.jpg; path = ../nuages.jpg; sourceTree = "<group>"; };
		1798C3791CE098F200601728 /* MyWeatherApp.app */ = {isa = PBXFileReference; explicitFileType = wrapper.application; includeInIndex = 0; path = MyWeatherApp.app; sourceTree = BUILT_PRODUCTS_DIR; };
		1798C37C1CE098F200601728 /* AppDelegate.swift */ = {isa = PBXFileReference; lastKnownFileType = sourcecode.swift; path = AppDelegate.swift; sourceTree = "<group>"; };
		1798C37E1CE098F200601728 /* ViewController.swift */ = {isa = PBXFileReference; lastKnownFileType = sourcecode.swift; path = ViewController.swift; sourceTree = "<group>"; };
		1798C3811CE098F200601728 /* Base */ = {isa = PBXFileReference; lastKnownFileType = file.storyboard; name = Base; path = Base.lproj/Main.storyboard; sourceTree = "<group>"; };
		1798C3831CE098F200601728 /* Assets.xcassets */ = {isa = PBXFileReference; lastKnownFileType = folder.assetcatalog; path = Assets.xcassets; sourceTree = "<group>"; };
		1798C3861CE098F200601728 /* Base */ = {isa = PBXFileReference; lastKnownFileType = file.storyboard; name = Base; path = Base.lproj/LaunchScreen.storyboard; sourceTree = "<group>"; };
		1798C3881CE098F200601728 /* Info.plist */ = {isa = PBXFileReference; lastKnownFileType = text.plist.xml; path = Info.plist; sourceTree = "<group>"; };
		1798C38D1CE098F200601728 /* MyWeatherAppTests.xctest */ = {isa = PBXFileReference; explicitFileType = wrapper.cfbundle; includeInIndex = 0; path = MyWeatherAppTests.xctest; sourceTree = BUILT_PRODUCTS_DIR; };
		1798C3911CE098F200601728 /* MyWeatherAppTests.swift */ = {isa = PBXFileReference; lastKnownFileType = sourcecode.swift; path = MyWeatherAppTests.swift; sourceTree = "<group>"; };
		1798C3931CE098F200601728 /* Info.plist */ = {isa = PBXFileReference; lastKnownFileType = text.plist.xml; path = Info.plist; sourceTree = "<group>"; };
		1798C3981CE098F200601728 /* MyWeatherAppUITests.xctest */ = {isa = PBXFileReference; explicitFileType = wrapper.cfbundle; includeInIndex = 0; path = MyWeatherAppUITests.xctest; sourceTree = BUILT_PRODUCTS_DIR; };
		1798C39C1CE098F200601728 /* MyWeatherAppUITests.swift */ = {isa = PBXFileReference; lastKnownFileType = sourcecode.swift; path = MyWeatherAppUITests.swift; sourceTree = "<group>"; };
		1798C39E1CE098F200601728 /* Info.plist */ = {isa = PBXFileReference; lastKnownFileType = text.plist.xml; path = Info.plist; sourceTree = "<group>"; };
		1798C3AA1CE09A4600601728 /* WeatherGetter.swift */ = {isa = PBXFileReference; fileEncoding = 4; lastKnownFileType = sourcecode.swift; path = WeatherGetter.swift; sourceTree = "<group>"; };
		1798C3AC1CE0FB2E00601728 /* Weather.swift */ = {isa = PBXFileReference; fileEncoding = 4; lastKnownFileType = sourcecode.swift; path = Weather.swift; sourceTree = "<group>"; };
/* End PBXFileReference section */

/* Begin PBXFrameworksBuildPhase section */
		1798C3761CE098F200601728 /* Frameworks */ = {
			isa = PBXFrameworksBuildPhase;
			buildActionMask = 2147483647;
			files = (
				1727E2C41CE20B72003D1FB2 /* CoreLocation.framework in Frameworks */,
			);
			runOnlyForDeploymentPostprocessing = 0;
		};
		1798C38A1CE098F200601728 /* Frameworks */ = {
			isa = PBXFrameworksBuildPhase;
			buildActionMask = 2147483647;
			files = (
			);
			runOnlyForDeploymentPostprocessing = 0;
		};
		1798C3951CE098F200601728 /* Frameworks */ = {
			isa = PBXFrameworksBuildPhase;
			buildActionMask = 2147483647;
			files = (
			);
			runOnlyForDeploymentPostprocessing = 0;
		};
/* End PBXFrameworksBuildPhase section */

/* Begin PBXGroup section */
		1798C3701CE098F200601728 = {
			isa = PBXGroup;
			children = (
				1727E2C31CE20B72003D1FB2 /* CoreLocation.framework */,
				1798C37B1CE098F200601728 /* MyWeatherApp */,
				1798C3901CE098F200601728 /* MyWeatherAppTests */,
				1798C39B1CE098F200601728 /* MyWeatherAppUITests */,
				1798C37A1CE098F200601728 /* Products */,
			);
			sourceTree = "<group>";
		};
		1798C37A1CE098F200601728 /* Products */ = {
			isa = PBXGroup;
			children = (
				1798C3791CE098F200601728 /* MyWeatherApp.app */,
				1798C38D1CE098F200601728 /* MyWeatherAppTests.xctest */,
				1798C3981CE098F200601728 /* MyWeatherAppUITests.xctest */,
			);
			name = Products;
			sourceTree = "<group>";
		};
		1798C37B1CE098F200601728 /* MyWeatherApp */ = {
			isa = PBXGroup;
			children = (
				1727E2D61CE39CB0003D1FB2 /* semicloud.jpg */,
				1727E2EA1CE460C8003D1FB2 /* nuages.jpg */,
				1727E2E81CE45FF8003D1FB2 /* parisbg.jpg */,
				1727E2D81CE3A53F003D1FB2 /* soleil.jpg */,
				1798C37C1CE098F200601728 /* AppDelegate.swift */,
				1798C37E1CE098F200601728 /* ViewController.swift */,
				1727E2E41CE3A771003D1FB2 /* mist.jpg */,
				1727E2E51CE3A771003D1FB2 /* snow.jpg */,
				1727E2E21CE3A6FB003D1FB2 /* storm.jpg */,
				1727E2DE1CE3A698003D1FB2 /* pluie.jpg */,
				1727E2DF1CE3A698003D1FB2 /* pluiefine.jpg */,
				1727E2DA1CE3A637003D1FB2 /* grosnuage.jpg */,
				1798C3AA1CE09A4600601728 /* WeatherGetter.swift */,
				1798C3AC1CE0FB2E00601728 /* Weather.swift */,
				1798C3801CE098F200601728 /* Main.storyboard */,
				1798C3831CE098F200601728 /* Assets.xcassets */,
				1798C3851CE098F200601728 /* LaunchScreen.storyboard */,
				1798C3881CE098F200601728 /* Info.plist */,
			);
			path = MyWeatherApp;
			sourceTree = "<group>";
		};
		1798C3901CE098F200601728 /* MyWeatherAppTests */ = {
			isa = PBXGroup;
			children = (
				1798C3911CE098F200601728 /* MyWeatherAppTests.swift */,
				1798C3931CE098F200601728 /* Info.plist */,
			);
			path = MyWeatherAppTests;
			sourceTree = "<group>";
		};
		1798C39B1CE098F200601728 /* MyWeatherAppUITests */ = {
			isa = PBXGroup;
			children = (
				1798C39C1CE098F200601728 /* MyWeatherAppUITests.swift */,
				1798C39E1CE098F200601728 /* Info.plist */,
			);
			path = MyWeatherAppUITests;
			sourceTree = "<group>";
		};
/* End PBXGroup section */

/* Begin PBXNativeTarget section */
		1798C3781CE098F200601728 /* MyWeatherApp */ = {
			isa = PBXNativeTarget;
			buildConfigurationList = 1798C3A11CE098F200601728 /* Build configuration list for PBXNativeTarget "MyWeatherApp" */;
			buildPhases = (
				1798C3751CE098F200601728 /* Sources */,
				1798C3761CE098F200601728 /* Frameworks */,
				1798C3771CE098F200601728 /* Resources */,
			);
			buildRules = (
			);
			dependencies = (
			);
			name = MyWeatherApp;
			productName = MyWeatherApp;
			productReference = 1798C3791CE098F200601728 /* MyWeatherApp.app */;
			productType = "com.apple.product-type.application";
		};
		1798C38C1CE098F200601728 /* MyWeatherAppTests */ = {
			isa = PBXNativeTarget;
			buildConfigurationList = 1798C3A41CE098F200601728 /* Build configuration list for PBXNativeTarget "MyWeatherAppTests" */;
			buildPhases = (
				1798C3891CE098F200601728 /* Sources */,
				1798C38A1CE098F200601728 /* Frameworks */,
				1798C38B1CE098F200601728 /* Resources */,
			);
			buildRules = (
			);
			dependencies = (
				1798C38F1CE098F200601728 /* PBXTargetDependency */,
			);
			name = MyWeatherAppTests;
			productName = MyWeatherAppTests;
			productReference = 1798C38D1CE098F200601728 /* MyWeatherAppTests.xctest */;
			productType = "com.apple.product-type.bundle.unit-test";
		};
		1798C3971CE098F200601728 /* MyWeatherAppUITests */ = {
			isa = PBXNativeTarget;
			buildConfigurationList = 1798C3A71CE098F200601728 /* Build configuration list for PBXNativeTarget "MyWeatherAppUITests" */;
			buildPhases = (
				1798C3941CE098F200601728 /* Sources */,
				1798C3951CE098F200601728 /* Frameworks */,
				1798C3961CE098F200601728 /* Resources */,
			);
			buildRules = (
			);
			dependencies = (
				1798C39A1CE098F200601728 /* PBXTargetDependency */,
			);
			name = MyWeatherAppUITests;
			productName = MyWeatherAppUITests;
			productReference = 1798C3981CE098F200601728 /* MyWeatherAppUITests.xctest */;
			productType = "com.apple.product-type.bundle.ui-testing";
		};
/* End PBXNativeTarget section */

/* Begin PBXProject section */
		1798C3711CE098F200601728 /* Project object */ = {
			isa = PBXProject;
			attributes = {
				LastSwiftUpdateCheck = 0730;
				LastUpgradeCheck = 0730;
				ORGANIZATIONNAME = "Florian DOUSSIN";
				TargetAttributes = {
					1798C3781CE098F200601728 = {
						CreatedOnToolsVersion = 7.3;
					};
					1798C38C1CE098F200601728 = {
						CreatedOnToolsVersion = 7.3;
						TestTargetID = 1798C3781CE098F200601728;
					};
					1798C3971CE098F200601728 = {
						CreatedOnToolsVersion = 7.3;
						TestTargetID = 1798C3781CE098F200601728;
					};
				};
			};
			buildConfigurationList = 1798C3741CE098F200601728 /* Build configuration list for PBXProject "MyWeatherApp" */;
			compatibilityVersion = "Xcode 3.2";
			developmentRegion = English;
			hasScannedForEncodings = 0;
			knownRegions = (
				en,
				Base,
			);
			mainGroup = 1798C3701CE098F200601728;
			productRefGroup = 1798C37A1CE098F200601728 /* Products */;
			projectDirPath = "";
			projectRoot = "";
			targets = (
				1798C3781CE098F200601728 /* MyWeatherApp */,
				1798C38C1CE098F200601728 /* MyWeatherAppTests */,
				1798C3971CE098F200601728 /* MyWeatherAppUITests */,
			);
		};
/* End PBXProject section */

/* Begin PBXResourcesBuildPhase section */
		1798C3771CE098F200601728 /* Resources */ = {
			isa = PBXResourcesBuildPhase;
			buildActionMask = 2147483647;
			files = (
				1798C3871CE098F200601728 /* LaunchScreen.storyboard in Resources */,
				1727E2E11CE3A698003D1FB2 /* pluiefine.jpg in Resources */,
				1727E2D71CE39CB0003D1FB2 /* semicloud.jpg in Resources */,
				1727E2E61CE3A771003D1FB2 /* mist.jpg in Resources */,
				1727E2E31CE3A6FB003D1FB2 /* storm.jpg in Resources */,
				1727E2D91CE3A53F003D1FB2 /* soleil.jpg in Resources */,
				1727E2E71CE3A771003D1FB2 /* snow.jpg in Resources */,
				1727E2E91CE45FF8003D1FB2 /* parisbg.jpg in Resources */,
				1798C3841CE098F200601728 /* Assets.xcassets in Resources */,
				1727E2EB1CE460C8003D1FB2 /* nuages.jpg in Resources */,
				1727E2E01CE3A698003D1FB2 /* pluie.jpg in Resources */,
				1798C3821CE098F200601728 /* Main.storyboard in Resources */,
				1727E2DC1CE3A637003D1FB2 /* grosnuage.jpg in Resources */,
			);
			runOnlyForDeploymentPostprocessing = 0;
		};
		1798C38B1CE098F200601728 /* Resources */ = {
			isa = PBXResourcesBuildPhase;
			buildActionMask = 2147483647;
			files = (
			);
			runOnlyForDeploymentPostprocessing = 0;
		};
		1798C3961CE098F200601728 /* Resources */ = {
			isa = PBXResourcesBuildPhase;
			buildActionMask = 2147483647;
			files = (
			);
			runOnlyForDeploymentPostprocessing = 0;
		};
/* End PBXResourcesBuildPhase section */

/* Begin PBXSourcesBuildPhase section */
		1798C3751CE098F200601728 /* Sources */ = {
			isa = PBXSourcesBuildPhase;
			buildActionMask = 2147483647;
			files = (
				1798C3AD1CE0FB2E00601728 /* Weather.swift in Sources */,
				1798C37F1CE098F200601728 /* ViewController.swift in Sources */,
				1798C3AB1CE09A4600601728 /* WeatherGetter.swift in Sources */,
				1798C37D1CE098F200601728 /* AppDelegate.swift in Sources */,
			);
			runOnlyForDeploymentPostprocessing = 0;
		};
		1798C3891CE098F200601728 /* Sources */ = {
			isa = PBXSourcesBuildPhase;
			buildActionMask = 2147483647;
			files = (
				1798C3921CE098F200601728 /* MyWeatherAppTests.swift in Sources */,
			);
			runOnlyForDeploymentPostprocessing = 0;
		};
		1798C3941CE098F200601728 /* Sources */ = {
			isa = PBXSourcesBuildPhase;
			buildActionMask = 2147483647;
			files = (
				1798C39D1CE098F200601728 /* MyWeatherAppUITests.swift in Sources */,
			);
			runOnlyForDeploymentPostprocessing = 0;
		};
/* End PBXSourcesBuildPhase section */

/* Begin PBXTargetDependency section */
		1798C38F1CE098F200601728 /* PBXTargetDependency */ = {
			isa = PBXTargetDependency;
			target = 1798C3781CE098F200601728 /* MyWeatherApp */;
			targetProxy = 1798C38E1CE098F200601728 /* PBXContainerItemProxy */;
		};
		1798C39A1CE098F200601728 /* PBXTargetDependency */ = {
			isa = PBXTargetDependency;
			target = 1798C3781CE098F200601728 /* MyWeatherApp */;
			targetProxy = 1798C3991CE098F200601728 /* PBXContainerItemProxy */;
		};
/* End PBXTargetDependency section */

/* Begin PBXVariantGroup section */
		1798C3801CE098F200601728 /* Main.storyboard */ = {
			isa = PBXVariantGroup;
			children = (
				1798C3811CE098F200601728 /* Base */,
			);
			name = Main.storyboard;
			sourceTree = "<group>";
		};
		1798C3851CE098F200601728 /* LaunchScreen.storyboard */ = {
			isa = PBXVariantGroup;
			children = (
				1798C3861CE098F200601728 /* Base */,
			);
			name = LaunchScreen.storyboard;
			sourceTree = "<group>";
		};
/* End PBXVariantGroup section */

/* Begin XCBuildConfiguration section */
		1798C39F1CE098F200601728 /* Debug */ = {
			isa = XCBuildConfiguration;
			buildSettings = {
				ALWAYS_SEARCH_USER_PATHS = NO;
				CLANG_ANALYZER_NONNULL = YES;
				CLANG_CXX_LANGUAGE_STANDARD = "gnu++0x";
				CLANG_CXX_LIBRARY = "libc++";
				CLANG_ENABLE_MODULES = YES;
				CLANG_ENABLE_OBJC_ARC = YES;
				CLANG_WARN_BOOL_CONVERSION = YES;
				CLANG_WARN_CONSTANT_CONVERSION = YES;
				CLANG_WARN_DIRECT_OBJC_ISA_USAGE = YES_ERROR;
				CLANG_WARN_EMPTY_BODY = YES;
				CLANG_WARN_ENUM_CONVERSION = YES;
				CLANG_WARN_INT_CONVERSION = YES;
				CLANG_WARN_OBJC_ROOT_CLASS = YES_ERROR;
				CLANG_WARN_UNREACHABLE_CODE = YES;
				CLANG_WARN__DUPLICATE_METHOD_MATCH = YES;
				"CODE_SIGN_IDENTITY[sdk=iphoneos*]" = "iPhone Developer";
				COPY_PHASE_STRIP = NO;
				DEBUG_INFORMATION_FORMAT = dwarf;
				ENABLE_STRICT_OBJC_MSGSEND = YES;
				ENABLE_TESTABILITY = YES;
				GCC_C_LANGUAGE_STANDARD = gnu99;
				GCC_DYNAMIC_NO_PIC = NO;
				GCC_NO_COMMON_BLOCKS = YES;
				GCC_OPTIMIZATION_LEVEL = 0;
				GCC_PREPROCESSOR_DEFINITIONS = (
					"DEBUG=1",
					"$(inherited)",
				);
				GCC_WARN_64_TO_32_BIT_CONVERSION = YES;
				GCC_WARN_ABOUT_RETURN_TYPE = YES_ERROR;
				GCC_WARN_UNDECLARED_SELECTOR = YES;
				GCC_WARN_UNINITIALIZED_AUTOS = YES_AGGRESSIVE;
				GCC_WARN_UNUSED_FUNCTION = YES;
				GCC_WARN_UNUSED_VARIABLE = YES;
				IPHONEOS_DEPLOYMENT_TARGET = 9.3;
				MTL_ENABLE_DEBUG_INFO = YES;
				ONLY_ACTIVE_ARCH = YES;
				SDKROOT = iphoneos;
				SWIFT_OPTIMIZATION_LEVEL = "-Onone";
			};
			name = Debug;
		};
		1798C3A01CE098F200601728 /* Release */ = {
			isa = XCBuildConfiguration;
			buildSettings = {
				ALWAYS_SEARCH_USER_PATHS = NO;
				CLANG_ANALYZER_NONNULL = YES;
				CLANG_CXX_LANGUAGE_STANDARD = "gnu++0x";
				CLANG_CXX_LIBRARY = "libc++";
				CLANG_ENABLE_MODULES = YES;
				CLANG_ENABLE_OBJC_ARC = YES;
				CLANG_WARN_BOOL_CONVERSION = YES;
				CLANG_WARN_CONSTANT_CONVERSION = YES;
				CLANG_WARN_DIRECT_OBJC_ISA_USAGE = YES_ERROR;
				CLANG_WARN_EMPTY_BODY = YES;
				CLANG_WARN_ENUM_CONVERSION = YES;
				CLANG_WARN_INT_CONVERSION = YES;
				CLANG_WARN_OBJC_ROOT_CLASS = YES_ERROR;
				CLANG_WARN_UNREACHABLE_CODE = YES;
				CLANG_WARN__DUPLICATE_METHOD_MATCH = YES;
				"CODE_SIGN_IDENTITY[sdk=iphoneos*]" = "iPhone Developer";
				COPY_PHASE_STRIP = NO;
				DEBUG_INFORMATION_FORMAT = "dwarf-with-dsym";
				ENABLE_NS_ASSERTIONS = NO;
				ENABLE_STRICT_OBJC_MSGSEND = YES;
				GCC_C_LANGUAGE_STANDARD = gnu99;
				GCC_NO_COMMON_BLOCKS = YES;
				GCC_WARN_64_TO_32_BIT_CONVERSION = YES;
				GCC_WARN_ABOUT_RETURN_TYPE = YES_ERROR;
				GCC_WARN_UNDECLARED_SELECTOR = YES;
				GCC_WARN_UNINITIALIZED_AUTOS = YES_AGGRESSIVE;
				GCC_WARN_UNUSED_FUNCTION = YES;
				GCC_WARN_UNUSED_VARIABLE = YES;
				IPHONEOS_DEPLOYMENT_TARGET = 9.3;
				MTL_ENABLE_DEBUG_INFO = NO;
				SDKROOT = iphoneos;
				VALIDATE_PRODUCT = YES;
			};
			name = Release;
		};
		1798C3A21CE098F200601728 /* Debug */ = {
			isa = XCBuildConfiguration;
			buildSettings = {
				ASSETCATALOG_COMPILER_APPICON_NAME = AppIcon;
				INFOPLIST_FILE = MyWeatherApp/Info.plist;
				LD_RUNPATH_SEARCH_PATHS = "$(inherited) @executable_path/Frameworks";
				PRODUCT_BUNDLE_IDENTIFIER = floriandoussin.MyWeatherApp;
				PRODUCT_NAME = "$(TARGET_NAME)";
			};
			name = Debug;
		};
		1798C3A31CE098F200601728 /* Release */ = {
			isa = XCBuildConfiguration;
			buildSettings = {
				ASSETCATALOG_COMPILER_APPICON_NAME = AppIcon;
				INFOPLIST_FILE = MyWeatherApp/Info.plist;
				LD_RUNPATH_SEARCH_PATHS = "$(inherited) @executable_path/Frameworks";
				PRODUCT_BUNDLE_IDENTIFIER = floriandoussin.MyWeatherApp;
				PRODUCT_NAME = "$(TARGET_NAME)";
			};
			name = Release;
		};
		1798C3A51CE098F200601728 /* Debug */ = {
			isa = XCBuildConfiguration;
			buildSettings = {
				BUNDLE_LOADER = "$(TEST_HOST)";
				INFOPLIST_FILE = MyWeatherAppTests/Info.plist;
				LD_RUNPATH_SEARCH_PATHS = "$(inherited) @executable_path/Frameworks @loader_path/Frameworks";
				PRODUCT_BUNDLE_IDENTIFIER = floriandoussin.MyWeatherAppTests;
				PRODUCT_NAME = "$(TARGET_NAME)";
				TEST_HOST = "$(BUILT_PRODUCTS_DIR)/MyWeatherApp.app/MyWeatherApp";
			};
			name = Debug;
		};
		1798C3A61CE098F200601728 /* Release */ = {
			isa = XCBuildConfiguration;
			buildSettings = {
				BUNDLE_LOADER = "$(TEST_HOST)";
				INFOPLIST_FILE = MyWeatherAppTests/Info.plist;
				LD_RUNPATH_SEARCH_PATHS = "$(inherited) @executable_path/Frameworks @loader_path/Frameworks";
				PRODUCT_BUNDLE_IDENTIFIER = floriandoussin.MyWeatherAppTests;
				PRODUCT_NAME = "$(TARGET_NAME)";
				TEST_HOST = "$(BUILT_PRODUCTS_DIR)/MyWeatherApp.app/MyWeatherApp";
			};
			name = Release;
		};
		1798C3A81CE098F200601728 /* Debug */ = {
			isa = XCBuildConfiguration;
			buildSettings = {
				INFOPLIST_FILE = MyWeatherAppUITests/Info.plist;
				LD_RUNPATH_SEARCH_PATHS = "$(inherited) @executable_path/Frameworks @loader_path/Frameworks";
				PRODUCT_BUNDLE_IDENTIFIER = floriandoussin.MyWeatherAppUITests;
				PRODUCT_NAME = "$(TARGET_NAME)";
				TEST_TARGET_NAME = MyWeatherApp;
			};
			name = Debug;
		};
		1798C3A91CE098F200601728 /* Release */ = {
			isa = XCBuildConfiguration;
			buildSettings = {
				INFOPLIST_FILE = MyWeatherAppUITests/Info.plist;
				LD_RUNPATH_SEARCH_PATHS = "$(inherited) @executable_path/Frameworks @loader_path/Frameworks";
				PRODUCT_BUNDLE_IDENTIFIER = floriandoussin.MyWeatherAppUITests;
				PRODUCT_NAME = "$(TARGET_NAME)";
				TEST_TARGET_NAME = MyWeatherApp;
			};
			name = Release;
		};
/* End XCBuildConfiguration section */

/* Begin XCConfigurationList section */
		1798C3741CE098F200601728 /* Build configuration list for PBXProject "MyWeatherApp" */ = {
			isa = XCConfigurationList;
			buildConfigurations = (
				1798C39F1CE098F200601728 /* Debug */,
				1798C3A01CE098F200601728 /* Release */,
			);
			defaultConfigurationIsVisible = 0;
			defaultConfigurationName = Release;
		};
		1798C3A11CE098F200601728 /* Build configuration list for PBXNativeTarget "MyWeatherApp" */ = {
			isa = XCConfigurationList;
			buildConfigurations = (
				1798C3A21CE098F200601728 /* Debug */,
				1798C3A31CE098F200601728 /* Release */,
			);
			defaultConfigurationIsVisible = 0;
			defaultConfigurationName = Release;
		};
		1798C3A41CE098F200601728 /* Build configuration list for PBXNativeTarget "MyWeatherAppTests" */ = {
			isa = XCConfigurationList;
			buildConfigurations = (
				1798C3A51CE098F200601728 /* Debug */,
				1798C3A61CE098F200601728 /* Release */,
			);
			defaultConfigurationIsVisible = 0;
			defaultConfigurationName = Release;
		};
		1798C3A71CE098F200601728 /* Build configuration list for PBXNativeTarget "MyWeatherAppUITests" */ = {
			isa = XCConfigurationList;
			buildConfigurations = (
				1798C3A81CE098F200601728 /* Debug */,
				1798C3A91CE098F200601728 /* Release */,
			);
			defaultConfigurationIsVisible = 0;
			defaultConfigurationName = Release;
		};
/* End XCConfigurationList section */
	};
	rootObject = 1798C3711CE098F200601728 /* Project object */;
}
